// !$*UTF8*$!
{
	archiveVersion = 1;
	classes = {
	};
	objectVersion = 50;
	objects = {

/* Begin PBXBuildFile section */
		340B3F5725F2CF27005B1143 /* NewsView.swift in Sources */ = {isa = PBXBuildFile; fileRef = 340B3F5625F2CF27005B1143 /* NewsView.swift */; };
		3452C0B025F275A600E2145B /* TabBar.swift in Sources */ = {isa = PBXBuildFile; fileRef = 3452C0AF25F275A600E2145B /* TabBar.swift */; };
		3452C0B625F2794D00E2145B /* StatisticsView.swift in Sources */ = {isa = PBXBuildFile; fileRef = 3452C0B525F2794D00E2145B /* StatisticsView.swift */; };
		3477C1F625FF3AAE00B0C0BC /* VacciantionView.swift in Sources */ = {isa = PBXBuildFile; fileRef = 3477C1F525FF3AAE00B0C0BC /* VacciantionView.swift */; };
		34936947260F5B2A00FA0EFE /* SettingsView.swift in Sources */ = {isa = PBXBuildFile; fileRef = 34936946260F5B2A00FA0EFE /* SettingsView.swift */; };
		349369522610F9C900FA0EFE /* HomeView.swift in Sources */ = {isa = PBXBuildFile; fileRef = 349369512610F9C900FA0EFE /* HomeView.swift */; };
		3498372F2611A1DE009667E2 /* UIImageColors.swift in Sources */ = {isa = PBXBuildFile; fileRef = 3498372E2611A1DE009667E2 /* UIImageColors.swift */; };
		349837332611FC5F009667E2 /* SurseSigureView.swift in Sources */ = {isa = PBXBuildFile; fileRef = 349837322611FC5E009667E2 /* SurseSigureView.swift */; };
		34983736261200FD009667E2 /* CardsView.swift in Sources */ = {isa = PBXBuildFile; fileRef = 34983735261200FD009667E2 /* CardsView.swift */; };
		349FCF0725EFBCC800B05274 /* AppDelegate.swift in Sources */ = {isa = PBXBuildFile; fileRef = 349FCF0625EFBCC800B05274 /* AppDelegate.swift */; };
		349FCF0925EFBCC800B05274 /* SceneDelegate.swift in Sources */ = {isa = PBXBuildFile; fileRef = 349FCF0825EFBCC800B05274 /* SceneDelegate.swift */; };
		349FCF0B25EFBCC800B05274 /* ContentView.swift in Sources */ = {isa = PBXBuildFile; fileRef = 349FCF0A25EFBCC800B05274 /* ContentView.swift */; };
		349FCF0D25EFBCCB00B05274 /* Assets.xcassets in Resources */ = {isa = PBXBuildFile; fileRef = 349FCF0C25EFBCCB00B05274 /* Assets.xcassets */; };
		349FCF1025EFBCCB00B05274 /* Preview Assets.xcassets in Resources */ = {isa = PBXBuildFile; fileRef = 349FCF0F25EFBCCB00B05274 /* Preview Assets.xcassets */; };
		349FCF1325EFBCCB00B05274 /* LaunchScreen.storyboard in Resources */ = {isa = PBXBuildFile; fileRef = 349FCF1125EFBCCB00B05274 /* LaunchScreen.storyboard */; };
/* End PBXBuildFile section */

/* Begin PBXFileReference section */
		340B3F5625F2CF27005B1143 /* NewsView.swift */ = {isa = PBXFileReference; lastKnownFileType = sourcecode.swift; path = NewsView.swift; sourceTree = "<group>"; };
		3452C0AF25F275A600E2145B /* TabBar.swift */ = {isa = PBXFileReference; lastKnownFileType = sourcecode.swift; path = TabBar.swift; sourceTree = "<group>"; };
		3452C0B525F2794D00E2145B /* StatisticsView.swift */ = {isa = PBXFileReference; lastKnownFileType = sourcecode.swift; path = StatisticsView.swift; sourceTree = "<group>"; };
		3477C1F525FF3AAE00B0C0BC /* VacciantionView.swift */ = {isa = PBXFileReference; fileEncoding = 4; lastKnownFileType = sourcecode.swift; path = VacciantionView.swift; sourceTree = "<group>"; };
		34936946260F5B2A00FA0EFE /* SettingsView.swift */ = {isa = PBXFileReference; lastKnownFileType = sourcecode.swift; path = SettingsView.swift; sourceTree = "<group>"; };
		349369512610F9C900FA0EFE /* HomeView.swift */ = {isa = PBXFileReference; fileEncoding = 4; lastKnownFileType = sourcecode.swift; path = HomeView.swift; sourceTree = "<group>"; };
		3498372E2611A1DE009667E2 /* UIImageColors.swift */ = {isa = PBXFileReference; fileEncoding = 4; lastKnownFileType = sourcecode.swift; path = UIImageColors.swift; sourceTree = "<group>"; };
		349837322611FC5E009667E2 /* SurseSigureView.swift */ = {isa = PBXFileReference; lastKnownFileType = sourcecode.swift; path = SurseSigureView.swift; sourceTree = "<group>"; };
		34983735261200FD009667E2 /* CardsView.swift */ = {isa = PBXFileReference; lastKnownFileType = sourcecode.swift; path = CardsView.swift; sourceTree = "<group>"; };
		349FCF0325EFBCC800B05274 /* CoronaVirus.app */ = {isa = PBXFileReference; explicitFileType = wrapper.application; includeInIndex = 0; path = CoronaVirus.app; sourceTree = BUILT_PRODUCTS_DIR; };
		349FCF0625EFBCC800B05274 /* AppDelegate.swift */ = {isa = PBXFileReference; lastKnownFileType = sourcecode.swift; path = AppDelegate.swift; sourceTree = "<group>"; };
		349FCF0825EFBCC800B05274 /* SceneDelegate.swift */ = {isa = PBXFileReference; lastKnownFileType = sourcecode.swift; path = SceneDelegate.swift; sourceTree = "<group>"; };
		349FCF0A25EFBCC800B05274 /* ContentView.swift */ = {isa = PBXFileReference; lastKnownFileType = sourcecode.swift; path = ContentView.swift; sourceTree = "<group>"; };
		349FCF0C25EFBCCB00B05274 /* Assets.xcassets */ = {isa = PBXFileReference; lastKnownFileType = folder.assetcatalog; path = Assets.xcassets; sourceTree = "<group>"; };
		349FCF0F25EFBCCB00B05274 /* Preview Assets.xcassets */ = {isa = PBXFileReference; lastKnownFileType = folder.assetcatalog; path = "Preview Assets.xcassets"; sourceTree = "<group>"; };
		349FCF1225EFBCCB00B05274 /* Base */ = {isa = PBXFileReference; lastKnownFileType = file.storyboard; name = Base; path = Base.lproj/LaunchScreen.storyboard; sourceTree = "<group>"; };
		349FCF1425EFBCCB00B05274 /* Info.plist */ = {isa = PBXFileReference; lastKnownFileType = text.plist.xml; path = Info.plist; sourceTree = "<group>"; };
/* End PBXFileReference section */

/* Begin PBXFrameworksBuildPhase section */
		349FCF0025EFBCC800B05274 /* Frameworks */ = {
			isa = PBXFrameworksBuildPhase;
			buildActionMask = 2147483647;
			files = (
			);
			runOnlyForDeploymentPostprocessing = 0;
		};
/* End PBXFrameworksBuildPhase section */

/* Begin PBXGroup section */
		349FCEFA25EFBCC700B05274 = {
			isa = PBXGroup;
			children = (
				349FCF0525EFBCC800B05274 /* CoronaVirus */,
				349FCF0425EFBCC800B05274 /* Products */,
			);
			sourceTree = "<group>";
		};
		349FCF0425EFBCC800B05274 /* Products */ = {
			isa = PBXGroup;
			children = (
				349FCF0325EFBCC800B05274 /* CoronaVirus.app */,
			);
			name = Products;
			sourceTree = "<group>";
		};
		349FCF0525EFBCC800B05274 /* CoronaVirus */ = {
			isa = PBXGroup;
			children = (
				3498372E2611A1DE009667E2 /* UIImageColors.swift */,
				349FCF0625EFBCC800B05274 /* AppDelegate.swift */,
				349FCF0825EFBCC800B05274 /* SceneDelegate.swift */,
				349FCF0A25EFBCC800B05274 /* ContentView.swift */,
				3452C0AF25F275A600E2145B /* TabBar.swift */,
				34936946260F5B2A00FA0EFE /* SettingsView.swift */,
				349369512610F9C900FA0EFE /* HomeView.swift */,
				34983735261200FD009667E2 /* CardsView.swift */,
				349837322611FC5E009667E2 /* SurseSigureView.swift */,
				340B3F5625F2CF27005B1143 /* NewsView.swift */,
				3452C0B525F2794D00E2145B /* StatisticsView.swift */,
				3477C1F525FF3AAE00B0C0BC /* VacciantionView.swift */,
				349FCF0C25EFBCCB00B05274 /* Assets.xcassets */,
				349FCF1125EFBCCB00B05274 /* LaunchScreen.storyboard */,
				349FCF1425EFBCCB00B05274 /* Info.plist */,
				349FCF0E25EFBCCB00B05274 /* Preview Content */,
			);
			path = CoronaVirus;
			sourceTree = "<group>";
		};
		349FCF0E25EFBCCB00B05274 /* Preview Content */ = {
			isa = PBXGroup;
			children = (
				349FCF0F25EFBCCB00B05274 /* Preview Assets.xcassets */,
			);
			path = "Preview Content";
			sourceTree = "<group>";
		};
/* End PBXGroup section */

/* Begin PBXNativeTarget section */
		349FCF0225EFBCC800B05274 /* CoronaVirus */ = {
			isa = PBXNativeTarget;
			buildConfigurationList = 349FCF1725EFBCCB00B05274 /* Build configuration list for PBXNativeTarget "CoronaVirus" */;
			buildPhases = (
				349FCEFF25EFBCC800B05274 /* Sources */,
				349FCF0025EFBCC800B05274 /* Frameworks */,
				349FCF0125EFBCC800B05274 /* Resources */,
			);
			buildRules = (
			);
			dependencies = (
			);
			name = CoronaVirus;
			productName = CoronaVirus;
			productReference = 349FCF0325EFBCC800B05274 /* CoronaVirus.app */;
			productType = "com.apple.product-type.application";
		};
/* End PBXNativeTarget section */

/* Begin PBXProject section */
		349FCEFB25EFBCC700B05274 /* Project object */ = {
			isa = PBXProject;
			attributes = {
				LastSwiftUpdateCheck = 1240;
				LastUpgradeCheck = 1240;
				TargetAttributes = {
					349FCF0225EFBCC800B05274 = {
						CreatedOnToolsVersion = 12.4;
					};
				};
			};
			buildConfigurationList = 349FCEFE25EFBCC700B05274 /* Build configuration list for PBXProject "CoronaVirus" */;
			compatibilityVersion = "Xcode 9.3";
			developmentRegion = en;
			hasScannedForEncodings = 0;
			knownRegions = (
				en,
				Base,
			);
			mainGroup = 349FCEFA25EFBCC700B05274;
			productRefGroup = 349FCF0425EFBCC800B05274 /* Products */;
			projectDirPath = "";
			projectRoot = "";
			targets = (
				349FCF0225EFBCC800B05274 /* CoronaVirus */,
			);
		};
/* End PBXProject section */

/* Begin PBXResourcesBuildPhase section */
		349FCF0125EFBCC800B05274 /* Resources */ = {
			isa = PBXResourcesBuildPhase;
			buildActionMask = 2147483647;
			files = (
				349FCF1325EFBCCB00B05274 /* LaunchScreen.storyboard in Resources */,
				349FCF1025EFBCCB00B05274 /* Preview Assets.xcassets in Resources */,
				349FCF0D25EFBCCB00B05274 /* Assets.xcassets in Resources */,
			);
			runOnlyForDeploymentPostprocessing = 0;
		};
/* End PBXResourcesBuildPhase section */

/* Begin PBXSourcesBuildPhase section */
		349FCEFF25EFBCC800B05274 /* Sources */ = {
			isa = PBXSourcesBuildPhase;
			buildActionMask = 2147483647;
			files = (
				349837332611FC5F009667E2 /* SurseSigureView.swift in Sources */,
				349FCF0725EFBCC800B05274 /* AppDelegate.swift in Sources */,
				3498372F2611A1DE009667E2 /* UIImageColors.swift in Sources */,
				3477C1F625FF3AAE00B0C0BC /* VacciantionView.swift in Sources */,
				34936947260F5B2A00FA0EFE /* SettingsView.swift in Sources */,
				349369522610F9C900FA0EFE /* HomeView.swift in Sources */,
				349FCF0925EFBCC800B05274 /* SceneDelegate.swift in Sources */,
				3452C0B625F2794D00E2145B /* StatisticsView.swift in Sources */,
				34983736261200FD009667E2 /* CardsView.swift in Sources */,
				349FCF0B25EFBCC800B05274 /* ContentView.swift in Sources */,
				340B3F5725F2CF27005B1143 /* NewsView.swift in Sources */,
				3452C0B025F275A600E2145B /* TabBar.swift in Sources */,
			);
			runOnlyForDeploymentPostprocessing = 0;
		};
/* End PBXSourcesBuildPhase section */

/* Begin PBXVariantGroup section */
		349FCF1125EFBCCB00B05274 /* LaunchScreen.storyboard */ = {
			isa = PBXVariantGroup;
			children = (
				349FCF1225EFBCCB00B05274 /* Base */,
			);
			name = LaunchScreen.storyboard;
			sourceTree = "<group>";
		};
/* End PBXVariantGroup section */

/* Begin XCBuildConfiguration section */
		349FCF1525EFBCCB00B05274 /* Debug */ = {
			isa = XCBuildConfiguration;
			buildSettings = {
				ALWAYS_SEARCH_USER_PATHS = NO;
				CLANG_ANALYZER_NONNULL = YES;
				CLANG_ANALYZER_NUMBER_OBJECT_CONVERSION = YES_AGGRESSIVE;
				CLANG_CXX_LANGUAGE_STANDARD = "gnu++14";
				CLANG_CXX_LIBRARY = "libc++";
				CLANG_ENABLE_MODULES = YES;
				CLANG_ENABLE_OBJC_ARC = YES;
				CLANG_ENABLE_OBJC_WEAK = YES;
				CLANG_WARN_BLOCK_CAPTURE_AUTORELEASING = YES;
				CLANG_WARN_BOOL_CONVERSION = YES;
				CLANG_WARN_COMMA = YES;
				CLANG_WARN_CONSTANT_CONVERSION = YES;
				CLANG_WARN_DEPRECATED_OBJC_IMPLEMENTATIONS = YES;
				CLANG_WARN_DIRECT_OBJC_ISA_USAGE = YES_ERROR;
				CLANG_WARN_DOCUMENTATION_COMMENTS = YES;
				CLANG_WARN_EMPTY_BODY = YES;
				CLANG_WARN_ENUM_CONVERSION = YES;
				CLANG_WARN_INFINITE_RECURSION = YES;
				CLANG_WARN_INT_CONVERSION = YES;
				CLANG_WARN_NON_LITERAL_NULL_CONVERSION = YES;
				CLANG_WARN_OBJC_IMPLICIT_RETAIN_SELF = YES;
				CLANG_WARN_OBJC_LITERAL_CONVERSION = YES;
				CLANG_WARN_OBJC_ROOT_CLASS = YES_ERROR;
				CLANG_WARN_QUOTED_INCLUDE_IN_FRAMEWORK_HEADER = YES;
				CLANG_WARN_RANGE_LOOP_ANALYSIS = YES;
				CLANG_WARN_STRICT_PROTOTYPES = YES;
				CLANG_WARN_SUSPICIOUS_MOVE = YES;
				CLANG_WARN_UNGUARDED_AVAILABILITY = YES_AGGRESSIVE;
				CLANG_WARN_UNREACHABLE_CODE = YES;
				CLANG_WARN__DUPLICATE_METHOD_MATCH = YES;
				COPY_PHASE_STRIP = NO;
				DEBUG_INFORMATION_FORMAT = dwarf;
				ENABLE_STRICT_OBJC_MSGSEND = YES;
				ENABLE_TESTABILITY = YES;
				GCC_C_LANGUAGE_STANDARD = gnu11;
				GCC_DYNAMIC_NO_PIC = NO;
				GCC_NO_COMMON_BLOCKS = YES;
				GCC_OPTIMIZATION_LEVEL = 0;
				GCC_PREPROCESSOR_DEFINITIONS = (
					"DEBUG=1",
					"$(inherited)",
				);
				GCC_WARN_64_TO_32_BIT_CONVERSION = YES;
				GCC_WARN_ABOUT_RETURN_TYPE = YES_ERROR;
				GCC_WARN_UNDECLARED_SELECTOR = YES;
				GCC_WARN_UNINITIALIZED_AUTOS = YES_AGGRESSIVE;
				GCC_WARN_UNUSED_FUNCTION = YES;
				GCC_WARN_UNUSED_VARIABLE = YES;
				IPHONEOS_DEPLOYMENT_TARGET = 14.4;
				MTL_ENABLE_DEBUG_INFO = INCLUDE_SOURCE;
				MTL_FAST_MATH = YES;
				ONLY_ACTIVE_ARCH = YES;
				SDKROOT = iphoneos;
				SWIFT_ACTIVE_COMPILATION_CONDITIONS = DEBUG;
				SWIFT_OPTIMIZATION_LEVEL = "-Onone";
			};
			name = Debug;
		};
		349FCF1625EFBCCB00B05274 /* Release */ = {
			isa = XCBuildConfiguration;
			buildSettings = {
				ALWAYS_SEARCH_USER_PATHS = NO;
				CLANG_ANALYZER_NONNULL = YES;
				CLANG_ANALYZER_NUMBER_OBJECT_CONVERSION = YES_AGGRESSIVE;
				CLANG_CXX_LANGUAGE_STANDARD = "gnu++14";
				CLANG_CXX_LIBRARY = "libc++";
				CLANG_ENABLE_MODULES = YES;
				CLANG_ENABLE_OBJC_ARC = YES;
				CLANG_ENABLE_OBJC_WEAK = YES;
				CLANG_WARN_BLOCK_CAPTURE_AUTORELEASING = YES;
				CLANG_WARN_BOOL_CONVERSION = YES;
				CLANG_WARN_COMMA = YES;
				CLANG_WARN_CONSTANT_CONVERSION = YES;
				CLANG_WARN_DEPRECATED_OBJC_IMPLEMENTATIONS = YES;
				CLANG_WARN_DIRECT_OBJC_ISA_USAGE = YES_ERROR;
				CLANG_WARN_DOCUMENTATION_COMMENTS = YES;
				CLANG_WARN_EMPTY_BODY = YES;
				CLANG_WARN_ENUM_CONVERSION = YES;
				CLANG_WARN_INFINITE_RECURSION = YES;
				CLANG_WARN_INT_CONVERSION = YES;
				CLANG_WARN_NON_LITERAL_NULL_CONVERSION = YES;
				CLANG_WARN_OBJC_IMPLICIT_RETAIN_SELF = YES;
				CLANG_WARN_OBJC_LITERAL_CONVERSION = YES;
				CLANG_WARN_OBJC_ROOT_CLASS = YES_ERROR;
				CLANG_WARN_QUOTED_INCLUDE_IN_FRAMEWORK_HEADER = YES;
				CLANG_WARN_RANGE_LOOP_ANALYSIS = YES;
				CLANG_WARN_STRICT_PROTOTYPES = YES;
				CLANG_WARN_SUSPICIOUS_MOVE = YES;
				CLANG_WARN_UNGUARDED_AVAILABILITY = YES_AGGRESSIVE;
				CLANG_WARN_UNREACHABLE_CODE = YES;
				CLANG_WARN__DUPLICATE_METHOD_MATCH = YES;
				COPY_PHASE_STRIP = NO;
				DEBUG_INFORMATION_FORMAT = "dwarf-with-dsym";
				ENABLE_NS_ASSERTIONS = NO;
				ENABLE_STRICT_OBJC_MSGSEND = YES;
				GCC_C_LANGUAGE_STANDARD = gnu11;
				GCC_NO_COMMON_BLOCKS = YES;
				GCC_WARN_64_TO_32_BIT_CONVERSION = YES;
				GCC_WARN_ABOUT_RETURN_TYPE = YES_ERROR;
				GCC_WARN_UNDECLARED_SELECTOR = YES;
				GCC_WARN_UNINITIALIZED_AUTOS = YES_AGGRESSIVE;
				GCC_WARN_UNUSED_FUNCTION = YES;
				GCC_WARN_UNUSED_VARIABLE = YES;
				IPHONEOS_DEPLOYMENT_TARGET = 14.4;
				MTL_ENABLE_DEBUG_INFO = NO;
				MTL_FAST_MATH = YES;
				SDKROOT = iphoneos;
				SWIFT_COMPILATION_MODE = wholemodule;
				SWIFT_OPTIMIZATION_LEVEL = "-O";
				VALIDATE_PRODUCT = YES;
			};
			name = Release;
		};
		349FCF1825EFBCCB00B05274 /* Debug */ = {
			isa = XCBuildConfiguration;
			buildSettings = {
				ASSETCATALOG_COMPILER_APPICON_NAME = AppIcon;
				ASSETCATALOG_COMPILER_GLOBAL_ACCENT_COLOR_NAME = AccentColor;
				CODE_SIGN_STYLE = Automatic;
				DEVELOPMENT_ASSET_PATHS = "\"CoronaVirus/Preview Content\"";
				DEVELOPMENT_TEAM = L2AR479Z2P;
				ENABLE_PREVIEWS = YES;
				INFOPLIST_FILE = CoronaVirus/Info.plist;
				LD_RUNPATH_SEARCH_PATHS = (
					"$(inherited)",
					"@executable_path/Frameworks",
				);
				PRODUCT_BUNDLE_IDENTIFIER = "Milovan-Arsul.CoronaVirus";
				PRODUCT_NAME = "$(TARGET_NAME)";
				SWIFT_VERSION = 5.0;
				TARGETED_DEVICE_FAMILY = "1,2";
			};
			name = Debug;
		};
		349FCF1925EFBCCB00B05274 /* Release */ = {
			isa = XCBuildConfiguration;
			buildSettings = {
				ASSETCATALOG_COMPILER_APPICON_NAME = AppIcon;
				ASSETCATALOG_COMPILER_GLOBAL_ACCENT_COLOR_NAME = AccentColor;
				CODE_SIGN_STYLE = Automatic;
				DEVELOPMENT_ASSET_PATHS = "\"CoronaVirus/Preview Content\"";
				DEVELOPMENT_TEAM = L2AR479Z2P;
				ENABLE_PREVIEWS = YES;
				INFOPLIST_FILE = CoronaVirus/Info.plist;
				LD_RUNPATH_SEARCH_PATHS = (
					"$(inherited)",
					"@executable_path/Frameworks",
				);
				PRODUCT_BUNDLE_IDENTIFIER = "Milovan-Arsul.CoronaVirus";
				PRODUCT_NAME = "$(TARGET_NAME)";
				SWIFT_VERSION = 5.0;
				TARGETED_DEVICE_FAMILY = "1,2";
			};
			name = Release;
		};
/* End XCBuildConfiguration section */

/* Begin XCConfigurationList section */
		349FCEFE25EFBCC700B05274 /* Build configuration list for PBXProject "CoronaVirus" */ = {
			isa = XCConfigurationList;
			buildConfigurations = (
				349FCF1525EFBCCB00B05274 /* Debug */,
				349FCF1625EFBCCB00B05274 /* Release */,
			);
			defaultConfigurationIsVisible = 0;
			defaultConfigurationName = Release;
		};
		349FCF1725EFBCCB00B05274 /* Build configuration list for PBXNativeTarget "CoronaVirus" */ = {
			isa = XCConfigurationList;
			buildConfigurations = (
				349FCF1825EFBCCB00B05274 /* Debug */,
				349FCF1925EFBCCB00B05274 /* Release */,
			);
			defaultConfigurationIsVisible = 0;
			defaultConfigurationName = Release;
		};
/* End XCConfigurationList section */
	};
	rootObject = 349FCEFB25EFBCC700B05274 /* Project object */;
}
