// !$*UTF8*$!
{
	archiveVersion = 1;
	classes = {
	};
	objectVersion = 52;
	objects = {

/* Begin PBXBuildFile section */
		3412320A2620C967003F4371 /* Tools.xcframework in Frameworks */ = {isa = PBXBuildFile; fileRef = 341232092620C967003F4371 /* Tools.xcframework */; };
		3412320B2620C967003F4371 /* Tools.xcframework in Embed Frameworks */ = {isa = PBXBuildFile; fileRef = 341232092620C967003F4371 /* Tools.xcframework */; settings = {ATTRIBUTES = (CodeSignOnCopy, RemoveHeadersOnCopy, ); }; };
		341F18092642888C0026324C /* Test.swift in Sources */ = {isa = PBXBuildFile; fileRef = 341F18082642888C0026324C /* Test.swift */; };
		341F180C264288FA0026324C /* VisualEffectBlur.swift in Sources */ = {isa = PBXBuildFile; fileRef = 341F180B264288FA0026324C /* VisualEffectBlur.swift */; };
		342CD59D2635EF8A00CEB940 /* GifView_RepeatOnce.swift in Sources */ = {isa = PBXBuildFile; fileRef = 342CD59C2635EF8A00CEB940 /* GifView_RepeatOnce.swift */; };
		343D5B5326164B35004BDDF5 /* Pods in Resources */ = {isa = PBXBuildFile; fileRef = 343D5B5226164B35004BDDF5 /* Pods */; };
		344110AA263D833F0032BC05 /* SwiftSoup in Frameworks */ = {isa = PBXBuildFile; productRef = 344110A9263D833F0032BC05 /* SwiftSoup */; };
		348232642635B9A300BBA7CE /* introducere_TE.json in Resources */ = {isa = PBXBuildFile; fileRef = 348232632635B9A200BBA7CE /* introducere_TE.json */; };
		348232692635C3E200BBA7CE /* intrebare2.json in Resources */ = {isa = PBXBuildFile; fileRef = 348232652635C3DD00BBA7CE /* intrebare2.json */; };
		3482326A2635C3E200BBA7CE /* intrebare3.json in Resources */ = {isa = PBXBuildFile; fileRef = 348232662635C3DF00BBA7CE /* intrebare3.json */; };
		3482326B2635C3E200BBA7CE /* intrebare1.json in Resources */ = {isa = PBXBuildFile; fileRef = 348232672635C3E000BBA7CE /* intrebare1.json */; };
		3482326C2635C3E200BBA7CE /* intrebare4.json in Resources */ = {isa = PBXBuildFile; fileRef = 348232682635C3E200BBA7CE /* intrebare4.json */; };
		3482326E2635D43C00BBA7CE /* success.json in Resources */ = {isa = PBXBuildFile; fileRef = 3482326D2635D43C00BBA7CE /* success.json */; };
		348A722A261FAEB30091F7D4 /* DocumentsView.swift in Sources */ = {isa = PBXBuildFile; fileRef = 348A7229261FAEB30091F7D4 /* DocumentsView.swift */; };
		348A79C3264EF7D800AF0C01 /* WebView.swift in Sources */ = {isa = PBXBuildFile; fileRef = 348A79C2264EF7D700AF0C01 /* WebView.swift */; };
		349FCF0725EFBCC800B05274 /* AppDelegate.swift in Sources */ = {isa = PBXBuildFile; fileRef = 349FCF0625EFBCC800B05274 /* AppDelegate.swift */; };
		349FCF0925EFBCC800B05274 /* SceneDelegate.swift in Sources */ = {isa = PBXBuildFile; fileRef = 349FCF0825EFBCC800B05274 /* SceneDelegate.swift */; };
		349FCF0B25EFBCC800B05274 /* ContentView.swift in Sources */ = {isa = PBXBuildFile; fileRef = 349FCF0A25EFBCC800B05274 /* ContentView.swift */; };
		349FCF0D25EFBCCB00B05274 /* Assets.xcassets in Resources */ = {isa = PBXBuildFile; fileRef = 349FCF0C25EFBCCB00B05274 /* Assets.xcassets */; };
		349FCF1025EFBCCB00B05274 /* Preview Assets.xcassets in Resources */ = {isa = PBXBuildFile; fileRef = 349FCF0F25EFBCCB00B05274 /* Preview Assets.xcassets */; };
		349FCF1325EFBCCB00B05274 /* LaunchScreen.storyboard in Resources */ = {isa = PBXBuildFile; fileRef = 349FCF1125EFBCCB00B05274 /* LaunchScreen.storyboard */; };
		34A7502A263E980D008ECA53 /* SQLite in Frameworks */ = {isa = PBXBuildFile; productRef = 34A75029263E980D008ECA53 /* SQLite */; };
		34AC0EAC261667B80079E73E /* Lottie in Frameworks */ = {isa = PBXBuildFile; productRef = 34AC0EAB261667B80079E73E /* Lottie */; };
		34AC0EB3261667F90079E73E /* GifView.swift in Sources */ = {isa = PBXBuildFile; fileRef = 34AC0EB2261667F90079E73E /* GifView.swift */; };
		34B257C62620E75700EC2680 /* declaratie1.pdf in Resources */ = {isa = PBXBuildFile; fileRef = 34B257C32620E75700EC2680 /* declaratie1.pdf */; };
		34B257C82620E84000EC2680 /* PDFKitView.swift in Sources */ = {isa = PBXBuildFile; fileRef = 34B257C72620E84000EC2680 /* PDFKitView.swift */; };
		34B257CD2620EB2C00EC2680 /* declaratie5.pdf in Resources */ = {isa = PBXBuildFile; fileRef = 34B257C92620EB2800EC2680 /* declaratie5.pdf */; };
		34B257CE2620EB2C00EC2680 /* declaratie2.pdf in Resources */ = {isa = PBXBuildFile; fileRef = 34B257CA2620EB2A00EC2680 /* declaratie2.pdf */; };
		34B257CF2620EB2C00EC2680 /* declaratie3.pdf in Resources */ = {isa = PBXBuildFile; fileRef = 34B257CB2620EB2B00EC2680 /* declaratie3.pdf */; };
		34B257D02620EB2C00EC2680 /* declaratie4.pdf in Resources */ = {isa = PBXBuildFile; fileRef = 34B257CC2620EB2C00EC2680 /* declaratie4.pdf */; };
		34BC9A6E264D1EA400259BF6 /* WelcomeScreen.swift in Sources */ = {isa = PBXBuildFile; fileRef = 34BC9A6D264D1EA400259BF6 /* WelcomeScreen.swift */; };
		34BC9A75264DA3A800259BF6 /* SwiftUICharts in Frameworks */ = {isa = PBXBuildFile; productRef = 34BC9A74264DA3A800259BF6 /* SwiftUICharts */; };
		34CF0C1E263437F2001FE56B /* handWash_Preventie.json in Resources */ = {isa = PBXBuildFile; fileRef = 34CF0C19263437DB001FE56B /* handWash_Preventie.json */; };
		34CF0C1F263437F2001FE56B /* dezinfectant_Preventie.json in Resources */ = {isa = PBXBuildFile; fileRef = 34CF0C1A263437E0001FE56B /* dezinfectant_Preventie.json */; };
		34CF0C21263437F2001FE56B /* mask_Preventie.json in Resources */ = {isa = PBXBuildFile; fileRef = 34CF0C1C263437EB001FE56B /* mask_Preventie.json */; };
		34CF0C22263437F2001FE56B /* contactDirect_Preventie.json in Resources */ = {isa = PBXBuildFile; fileRef = 34CF0C1D263437F2001FE56B /* contactDirect_Preventie.json */; };
		34CF0C24263439B9001FE56B /* autoizolare_Preventie.json in Resources */ = {isa = PBXBuildFile; fileRef = 34CF0C23263439B8001FE56B /* autoizolare_Preventie.json */; };
		34CF0C29263440C8001FE56B /* tuse_Simptome.json in Resources */ = {isa = PBXBuildFile; fileRef = 34CF0C25263440B5001FE56B /* tuse_Simptome.json */; };
		34CF0C2A263440C8001FE56B /* atentie_Simptome.json in Resources */ = {isa = PBXBuildFile; fileRef = 34CF0C26263440BA001FE56B /* atentie_Simptome.json */; };
		34CF0C2B263440C8001FE56B /* ajutor_Simptome.json in Resources */ = {isa = PBXBuildFile; fileRef = 34CF0C27263440C1001FE56B /* ajutor_Simptome.json */; };
		34CF0C2C263440C8001FE56B /* febra_Simptome.json in Resources */ = {isa = PBXBuildFile; fileRef = 34CF0C28263440C8001FE56B /* febra_Simptome.json */; };
		34D13505263586B700E88C24 /* BlurView.swift in Sources */ = {isa = PBXBuildFile; fileRef = 34D13504263586B700E88C24 /* BlurView.swift */; };
		34D13509263586C200E88C24 /* ModalButtonView.swift in Sources */ = {isa = PBXBuildFile; fileRef = 34D13506263586C000E88C24 /* ModalButtonView.swift */; };
		34D1350A263586C200E88C24 /* HalfModalView.swift in Sources */ = {isa = PBXBuildFile; fileRef = 34D13507263586C100E88C24 /* HalfModalView.swift */; };
		34D1350B263586C200E88C24 /* HalfModalContent.swift in Sources */ = {isa = PBXBuildFile; fileRef = 34D13508263586C200E88C24 /* HalfModalContent.swift */; };
		34D1350E26358F2300E88C24 /* PartialSheet in Frameworks */ = {isa = PBXBuildFile; productRef = 34D1350D26358F2300E88C24 /* PartialSheet */; };
		34EB21CD26524EA100BFB451 /* Vaccinare2.0.swift in Sources */ = {isa = PBXBuildFile; fileRef = 34EB21CB26524E9400BFB451 /* Vaccinare2.0.swift */; };
		34EB21CE26524EA100BFB451 /* Home2.0.swift in Sources */ = {isa = PBXBuildFile; fileRef = 34EB21CC26524EA100BFB451 /* Home2.0.swift */; };
		34EB21D126524ED800BFB451 /* Home.swift in Sources */ = {isa = PBXBuildFile; fileRef = 34EB21CF26524EC800BFB451 /* Home.swift */; };
		34EB21D226524ED800BFB451 /* Triaj.swift in Sources */ = {isa = PBXBuildFile; fileRef = 34EB21D026524ED800BFB451 /* Triaj.swift */; };
		34EB21D726524F3300BFB451 /* NewsExtended2.swift in Sources */ = {isa = PBXBuildFile; fileRef = 34EB21D326524F0900BFB451 /* NewsExtended2.swift */; };
		34EB21D826524F3300BFB451 /* URLImage.swift in Sources */ = {isa = PBXBuildFile; fileRef = 34EB21D426524F1900BFB451 /* URLImage.swift */; };
		34EB21D926524F3300BFB451 /* News.swift in Sources */ = {isa = PBXBuildFile; fileRef = 34EB21D526524F2600BFB451 /* News.swift */; };
		34EB21DA26524F3300BFB451 /* NewsExtended1.swift in Sources */ = {isa = PBXBuildFile; fileRef = 34EB21D626524F3300BFB451 /* NewsExtended1.swift */; };
		34EB21DF26524F8400BFB451 /* CardsView.swift in Sources */ = {isa = PBXBuildFile; fileRef = 34EB21DB26524F5B00BFB451 /* CardsView.swift */; };
		34EB21E026524F8400BFB451 /* IntrebariFrecvente.swift in Sources */ = {isa = PBXBuildFile; fileRef = 34EB21DC26524F6A00BFB451 /* IntrebariFrecvente.swift */; };
		34EB21E126524F8400BFB451 /* PreventieView.swift in Sources */ = {isa = PBXBuildFile; fileRef = 34EB21DD26524F7600BFB451 /* PreventieView.swift */; };
		34EB21E226524F8400BFB451 /* SimptomeView.swift in Sources */ = {isa = PBXBuildFile; fileRef = 34EB21DE26524F8400BFB451 /* SimptomeView.swift */; };
		34EB21E626524FDD00BFB451 /* StatisticsCards.swift in Sources */ = {isa = PBXBuildFile; fileRef = 34EB21E426524FCF00BFB451 /* StatisticsCards.swift */; };
		34EB21E726524FDD00BFB451 /* StatisticsView.swift in Sources */ = {isa = PBXBuildFile; fileRef = 34EB21E526524FDD00BFB451 /* StatisticsView.swift */; };
		34EB21EB2652503100BFB451 /* VaccineQuestions.swift in Sources */ = {isa = PBXBuildFile; fileRef = 34EB21E92652501F00BFB451 /* VaccineQuestions.swift */; };
		34EB21EC2652503100BFB451 /* VaccinationView.swift in Sources */ = {isa = PBXBuildFile; fileRef = 34EB21EA2652503100BFB451 /* VaccinationView.swift */; };
		34ED19C1261762370072BD01 /* SwiftUITrackableScrollView in Frameworks */ = {isa = PBXBuildFile; productRef = 34ED19C0261762370072BD01 /* SwiftUITrackableScrollView */; };
/* End PBXBuildFile section */

/* Begin PBXContainerItemProxy section */
		3490A8CD2620A86D000CC5FF /* PBXContainerItemProxy */ = {
			isa = PBXContainerItemProxy;
			containerPortal = 3490A8C92620A86D000CC5FF /* Pods.xcodeproj */;
			proxyType = 2;
			remoteGlobalIDString = 7AED09AF28573AA63FBC2850C2AB507B;
			remoteInfo = "Pods-CoronaVirus";
		};
/* End PBXContainerItemProxy section */

/* Begin PBXCopyFilesBuildPhase section */
		341232082620C95D003F4371 /* Embed Frameworks */ = {
			isa = PBXCopyFilesBuildPhase;
			buildActionMask = 2147483647;
			dstPath = "";
			dstSubfolderSpec = 10;
			files = (
				3412320B2620C967003F4371 /* Tools.xcframework in Embed Frameworks */,
			);
			name = "Embed Frameworks";
			runOnlyForDeploymentPostprocessing = 0;
		};
/* End PBXCopyFilesBuildPhase section */

/* Begin PBXFileReference section */
		341231FE2620C8CC003F4371 /* Tools.framework */ = {isa = PBXFileReference; lastKnownFileType = wrapper.framework; name = Tools.framework; path = Lib/Tools/Tools.framework; sourceTree = "<group>"; };
		341232092620C967003F4371 /* Tools.xcframework */ = {isa = PBXFileReference; lastKnownFileType = wrapper.xcframework; name = Tools.xcframework; path = Lib/Tools/Tools.xcframework; sourceTree = "<group>"; };
		3414473B2641BFFD00F34A32 /* Various.playground */ = {isa = PBXFileReference; lastKnownFileType = file.playground; name = Various.playground; path = ../Various.playground; sourceTree = "<group>"; xcLanguageSpecificationIdentifier = xcode.lang.swift; };
		341F18082642888C0026324C /* Test.swift */ = {isa = PBXFileReference; lastKnownFileType = sourcecode.swift; path = Test.swift; sourceTree = "<group>"; };
		341F180B264288FA0026324C /* VisualEffectBlur.swift */ = {isa = PBXFileReference; fileEncoding = 4; lastKnownFileType = sourcecode.swift; path = VisualEffectBlur.swift; sourceTree = "<group>"; };
		342CD59C2635EF8A00CEB940 /* GifView_RepeatOnce.swift */ = {isa = PBXFileReference; lastKnownFileType = sourcecode.swift; path = GifView_RepeatOnce.swift; sourceTree = "<group>"; };
		343D5B5226164B35004BDDF5 /* Pods */ = {isa = PBXFileReference; lastKnownFileType = folder; path = Pods; sourceTree = "<group>"; };
		343D5B5526164BCF004BDDF5 /* Pods */ = {isa = PBXFileReference; fileEncoding = 4; lastKnownFileType = text; path = Pods; sourceTree = SOURCE_ROOT; };
		348232632635B9A200BBA7CE /* introducere_TE.json */ = {isa = PBXFileReference; fileEncoding = 4; lastKnownFileType = text.json; path = introducere_TE.json; sourceTree = "<group>"; };
		348232652635C3DD00BBA7CE /* intrebare2.json */ = {isa = PBXFileReference; fileEncoding = 4; lastKnownFileType = text.json; path = intrebare2.json; sourceTree = "<group>"; };
		348232662635C3DF00BBA7CE /* intrebare3.json */ = {isa = PBXFileReference; fileEncoding = 4; lastKnownFileType = text.json; path = intrebare3.json; sourceTree = "<group>"; };
		348232672635C3E000BBA7CE /* intrebare1.json */ = {isa = PBXFileReference; fileEncoding = 4; lastKnownFileType = text.json; path = intrebare1.json; sourceTree = "<group>"; };
		348232682635C3E200BBA7CE /* intrebare4.json */ = {isa = PBXFileReference; fileEncoding = 4; lastKnownFileType = text.json; path = intrebare4.json; sourceTree = "<group>"; };
		3482326D2635D43C00BBA7CE /* success.json */ = {isa = PBXFileReference; fileEncoding = 4; lastKnownFileType = text.json; path = success.json; sourceTree = "<group>"; };
		348A7229261FAEB30091F7D4 /* DocumentsView.swift */ = {isa = PBXFileReference; lastKnownFileType = sourcecode.swift; path = DocumentsView.swift; sourceTree = "<group>"; };
		348A79C2264EF7D700AF0C01 /* WebView.swift */ = {isa = PBXFileReference; lastKnownFileType = sourcecode.swift; path = WebView.swift; sourceTree = "<group>"; };
		3490A8C92620A86D000CC5FF /* Pods.xcodeproj */ = {isa = PBXFileReference; lastKnownFileType = "wrapper.pb-project"; path = Pods.xcodeproj; sourceTree = "<group>"; };
		349FCF0325EFBCC800B05274 /* CoronaVirus.app */ = {isa = PBXFileReference; explicitFileType = wrapper.application; includeInIndex = 0; path = CoronaVirus.app; sourceTree = BUILT_PRODUCTS_DIR; };
		349FCF0625EFBCC800B05274 /* AppDelegate.swift */ = {isa = PBXFileReference; lastKnownFileType = sourcecode.swift; path = AppDelegate.swift; sourceTree = "<group>"; };
		349FCF0825EFBCC800B05274 /* SceneDelegate.swift */ = {isa = PBXFileReference; lastKnownFileType = sourcecode.swift; path = SceneDelegate.swift; sourceTree = "<group>"; };
		349FCF0A25EFBCC800B05274 /* ContentView.swift */ = {isa = PBXFileReference; lastKnownFileType = sourcecode.swift; path = ContentView.swift; sourceTree = "<group>"; };
		349FCF0C25EFBCCB00B05274 /* Assets.xcassets */ = {isa = PBXFileReference; lastKnownFileType = folder.assetcatalog; path = Assets.xcassets; sourceTree = "<group>"; };
		349FCF0F25EFBCCB00B05274 /* Preview Assets.xcassets */ = {isa = PBXFileReference; lastKnownFileType = folder.assetcatalog; path = "Preview Assets.xcassets"; sourceTree = "<group>"; };
		349FCF1225EFBCCB00B05274 /* Base */ = {isa = PBXFileReference; lastKnownFileType = file.storyboard; name = Base; path = Base.lproj/LaunchScreen.storyboard; sourceTree = "<group>"; };
		349FCF1425EFBCCB00B05274 /* Info.plist */ = {isa = PBXFileReference; lastKnownFileType = text.plist.xml; path = Info.plist; sourceTree = "<group>"; };
		34AC0EB2261667F90079E73E /* GifView.swift */ = {isa = PBXFileReference; lastKnownFileType = sourcecode.swift; path = GifView.swift; sourceTree = "<group>"; };
		34B257C32620E75700EC2680 /* declaratie1.pdf */ = {isa = PBXFileReference; lastKnownFileType = image.pdf; path = declaratie1.pdf; sourceTree = "<group>"; };
		34B257C72620E84000EC2680 /* PDFKitView.swift */ = {isa = PBXFileReference; lastKnownFileType = sourcecode.swift; path = PDFKitView.swift; sourceTree = "<group>"; };
		34B257C92620EB2800EC2680 /* declaratie5.pdf */ = {isa = PBXFileReference; lastKnownFileType = image.pdf; path = declaratie5.pdf; sourceTree = "<group>"; };
		34B257CA2620EB2A00EC2680 /* declaratie2.pdf */ = {isa = PBXFileReference; lastKnownFileType = image.pdf; path = declaratie2.pdf; sourceTree = "<group>"; };
		34B257CB2620EB2B00EC2680 /* declaratie3.pdf */ = {isa = PBXFileReference; lastKnownFileType = image.pdf; path = declaratie3.pdf; sourceTree = "<group>"; };
		34B257CC2620EB2C00EC2680 /* declaratie4.pdf */ = {isa = PBXFileReference; lastKnownFileType = image.pdf; path = declaratie4.pdf; sourceTree = "<group>"; };
		34BC9A6D264D1EA400259BF6 /* WelcomeScreen.swift */ = {isa = PBXFileReference; lastKnownFileType = sourcecode.swift; path = WelcomeScreen.swift; sourceTree = "<group>"; };
		34CF0C19263437DB001FE56B /* handWash_Preventie.json */ = {isa = PBXFileReference; fileEncoding = 4; lastKnownFileType = text.json; path = handWash_Preventie.json; sourceTree = "<group>"; };
		34CF0C1A263437E0001FE56B /* dezinfectant_Preventie.json */ = {isa = PBXFileReference; fileEncoding = 4; lastKnownFileType = text.json; path = dezinfectant_Preventie.json; sourceTree = "<group>"; };
		34CF0C1C263437EB001FE56B /* mask_Preventie.json */ = {isa = PBXFileReference; fileEncoding = 4; lastKnownFileType = text.json; path = mask_Preventie.json; sourceTree = "<group>"; };
		34CF0C1D263437F2001FE56B /* contactDirect_Preventie.json */ = {isa = PBXFileReference; fileEncoding = 4; lastKnownFileType = text.json; path = contactDirect_Preventie.json; sourceTree = "<group>"; };
		34CF0C23263439B8001FE56B /* autoizolare_Preventie.json */ = {isa = PBXFileReference; fileEncoding = 4; lastKnownFileType = text.json; path = autoizolare_Preventie.json; sourceTree = "<group>"; };
		34CF0C25263440B5001FE56B /* tuse_Simptome.json */ = {isa = PBXFileReference; fileEncoding = 4; lastKnownFileType = text.json; path = tuse_Simptome.json; sourceTree = "<group>"; };
		34CF0C26263440BA001FE56B /* atentie_Simptome.json */ = {isa = PBXFileReference; fileEncoding = 4; lastKnownFileType = text.json; path = atentie_Simptome.json; sourceTree = "<group>"; };
		34CF0C27263440C1001FE56B /* ajutor_Simptome.json */ = {isa = PBXFileReference; fileEncoding = 4; lastKnownFileType = text.json; path = ajutor_Simptome.json; sourceTree = "<group>"; };
		34CF0C28263440C8001FE56B /* febra_Simptome.json */ = {isa = PBXFileReference; fileEncoding = 4; lastKnownFileType = text.json; path = febra_Simptome.json; sourceTree = "<group>"; };
		34D13504263586B700E88C24 /* BlurView.swift */ = {isa = PBXFileReference; fileEncoding = 4; lastKnownFileType = sourcecode.swift; path = BlurView.swift; sourceTree = "<group>"; };
		34D13506263586C000E88C24 /* ModalButtonView.swift */ = {isa = PBXFileReference; fileEncoding = 4; lastKnownFileType = sourcecode.swift; path = ModalButtonView.swift; sourceTree = "<group>"; };
		34D13507263586C100E88C24 /* HalfModalView.swift */ = {isa = PBXFileReference; fileEncoding = 4; lastKnownFileType = sourcecode.swift; path = HalfModalView.swift; sourceTree = "<group>"; };
		34D13508263586C200E88C24 /* HalfModalContent.swift */ = {isa = PBXFileReference; fileEncoding = 4; lastKnownFileType = sourcecode.swift; path = HalfModalContent.swift; sourceTree = "<group>"; };
		34EB21CB26524E9400BFB451 /* Vaccinare2.0.swift */ = {isa = PBXFileReference; fileEncoding = 4; lastKnownFileType = sourcecode.swift; name = Vaccinare2.0.swift; path = "CoronaVirus/New Group1/Vaccinare2.0.swift"; sourceTree = SOURCE_ROOT; };
		34EB21CC26524EA100BFB451 /* Home2.0.swift */ = {isa = PBXFileReference; fileEncoding = 4; lastKnownFileType = sourcecode.swift; path = Home2.0.swift; sourceTree = "<group>"; };
		34EB21CF26524EC800BFB451 /* Home.swift */ = {isa = PBXFileReference; fileEncoding = 4; lastKnownFileType = sourcecode.swift; path = Home.swift; sourceTree = "<group>"; };
		34EB21D026524ED800BFB451 /* Triaj.swift */ = {isa = PBXFileReference; fileEncoding = 4; lastKnownFileType = sourcecode.swift; path = Triaj.swift; sourceTree = "<group>"; };
		34EB21D326524F0900BFB451 /* NewsExtended2.swift */ = {isa = PBXFileReference; fileEncoding = 4; lastKnownFileType = sourcecode.swift; path = NewsExtended2.swift; sourceTree = "<group>"; };
		34EB21D426524F1900BFB451 /* URLImage.swift */ = {isa = PBXFileReference; fileEncoding = 4; lastKnownFileType = sourcecode.swift; path = URLImage.swift; sourceTree = "<group>"; };
		34EB21D526524F2600BFB451 /* News.swift */ = {isa = PBXFileReference; fileEncoding = 4; lastKnownFileType = sourcecode.swift; path = News.swift; sourceTree = "<group>"; };
		34EB21D626524F3300BFB451 /* NewsExtended1.swift */ = {isa = PBXFileReference; fileEncoding = 4; lastKnownFileType = sourcecode.swift; path = NewsExtended1.swift; sourceTree = "<group>"; };
		34EB21DB26524F5B00BFB451 /* CardsView.swift */ = {isa = PBXFileReference; fileEncoding = 4; lastKnownFileType = sourcecode.swift; path = CardsView.swift; sourceTree = "<group>"; };
		34EB21DC26524F6A00BFB451 /* IntrebariFrecvente.swift */ = {isa = PBXFileReference; fileEncoding = 4; lastKnownFileType = sourcecode.swift; path = IntrebariFrecvente.swift; sourceTree = "<group>"; };
		34EB21DD26524F7600BFB451 /* PreventieView.swift */ = {isa = PBXFileReference; fileEncoding = 4; lastKnownFileType = sourcecode.swift; path = PreventieView.swift; sourceTree = "<group>"; };
		34EB21DE26524F8400BFB451 /* SimptomeView.swift */ = {isa = PBXFileReference; fileEncoding = 4; lastKnownFileType = sourcecode.swift; path = SimptomeView.swift; sourceTree = "<group>"; };
		34EB21E426524FCF00BFB451 /* StatisticsCards.swift */ = {isa = PBXFileReference; fileEncoding = 4; lastKnownFileType = sourcecode.swift; path = StatisticsCards.swift; sourceTree = "<group>"; };
		34EB21E526524FDD00BFB451 /* StatisticsView.swift */ = {isa = PBXFileReference; fileEncoding = 4; lastKnownFileType = sourcecode.swift; path = StatisticsView.swift; sourceTree = "<group>"; };
		34EB21E92652501F00BFB451 /* VaccineQuestions.swift */ = {isa = PBXFileReference; fileEncoding = 4; lastKnownFileType = sourcecode.swift; name = VaccineQuestions.swift; path = "CoronaVirus/New Group2/VaccineQuestions.swift"; sourceTree = SOURCE_ROOT; };
		34EB21EA2652503100BFB451 /* VaccinationView.swift */ = {isa = PBXFileReference; fileEncoding = 4; lastKnownFileType = sourcecode.swift; path = VaccinationView.swift; sourceTree = "<group>"; };
		EC41163828BC5385C2EA0DF2 /* Pods-CoronaVirus.release.xcconfig */ = {isa = PBXFileReference; includeInIndex = 1; lastKnownFileType = text.xcconfig; name = "Pods-CoronaVirus.release.xcconfig"; path = "Target Support Files/Pods-CoronaVirus/Pods-CoronaVirus.release.xcconfig"; sourceTree = "<group>"; };
		F1A2EAC2229E15D3435922FE /* Pods-CoronaVirus.debug.xcconfig */ = {isa = PBXFileReference; includeInIndex = 1; lastKnownFileType = text.xcconfig; name = "Pods-CoronaVirus.debug.xcconfig"; path = "Target Support Files/Pods-CoronaVirus/Pods-CoronaVirus.debug.xcconfig"; sourceTree = "<group>"; };
/* End PBXFileReference section */

/* Begin PBXFrameworksBuildPhase section */
		349FCF0025EFBCC800B05274 /* Frameworks */ = {
			isa = PBXFrameworksBuildPhase;
			buildActionMask = 2147483647;
			files = (
				34A7502A263E980D008ECA53 /* SQLite in Frameworks */,
				34D1350E26358F2300E88C24 /* PartialSheet in Frameworks */,
				34ED19C1261762370072BD01 /* SwiftUITrackableScrollView in Frameworks */,
				34AC0EAC261667B80079E73E /* Lottie in Frameworks */,
				3412320A2620C967003F4371 /* Tools.xcframework in Frameworks */,
				34BC9A75264DA3A800259BF6 /* SwiftUICharts in Frameworks */,
				344110AA263D833F0032BC05 /* SwiftSoup in Frameworks */,
			);
			runOnlyForDeploymentPostprocessing = 0;
		};
/* End PBXFrameworksBuildPhase section */

/* Begin PBXGroup section */
		1511841BB788C20DA758A185 /* Frameworks */ = {
			isa = PBXGroup;
			children = (
				341232092620C967003F4371 /* Tools.xcframework */,
				341231FE2620C8CC003F4371 /* Tools.framework */,
				343D5B5226164B35004BDDF5 /* Pods */,
				343D5B5526164BCF004BDDF5 /* Pods */,
			);
			name = Frameworks;
			sourceTree = "<group>";
		};
		34160745262056FB005B65D3 /* Documents */ = {
			isa = PBXGroup;
			children = (
				348A7229261FAEB30091F7D4 /* DocumentsView.swift */,
				34B257C72620E84000EC2680 /* PDFKitView.swift */,
				34B257C32620E75700EC2680 /* declaratie1.pdf */,
				34B257CA2620EB2A00EC2680 /* declaratie2.pdf */,
				34B257CB2620EB2B00EC2680 /* declaratie3.pdf */,
				34B257CC2620EB2C00EC2680 /* declaratie4.pdf */,
				34B257C92620EB2800EC2680 /* declaratie5.pdf */,
			);
			path = Documents;
			sourceTree = "<group>";
		};
		34281B3526148262004A218C /* Home */ = {
			isa = PBXGroup;
			children = (
				34EB21CF26524EC800BFB451 /* Home.swift */,
				34EB21D026524ED800BFB451 /* Triaj.swift */,
				34C459B526401CAE004ADE27 /* News */,
				34281B37261482C6004A218C /* Cards */,
			);
			path = Home;
			sourceTree = "<group>";
		};
		34281B37261482C6004A218C /* Cards */ = {
			isa = PBXGroup;
			children = (
				34EB21DB26524F5B00BFB451 /* CardsView.swift */,
				34EB21DC26524F6A00BFB451 /* IntrebariFrecvente.swift */,
				34EB21DD26524F7600BFB451 /* PreventieView.swift */,
				34EB21DE26524F8400BFB451 /* SimptomeView.swift */,
				34160745262056FB005B65D3 /* Documents */,
			);
			path = Cards;
			sourceTree = "<group>";
		};
		3490A8CA2620A86D000CC5FF /* Products */ = {
			isa = PBXGroup;
			children = (
				3490A8CE2620A86D000CC5FF /* Pods_CoronaVirus.framework */,
			);
			name = Products;
			sourceTree = "<group>";
		};
		349FCEFA25EFBCC700B05274 = {
			isa = PBXGroup;
			children = (
				349FCF0525EFBCC800B05274 /* CoronaVirus */,
				349FCF0425EFBCC800B05274 /* Products */,
				1511841BB788C20DA758A185 /* Frameworks */,
				5ED4950575F3CB93A872EE0A /* Pods */,
			);
			sourceTree = "<group>";
		};
		349FCF0425EFBCC800B05274 /* Products */ = {
			isa = PBXGroup;
			children = (
				349FCF0325EFBCC800B05274 /* CoronaVirus.app */,
			);
			name = Products;
			sourceTree = "<group>";
		};
		349FCF0525EFBCC800B05274 /* CoronaVirus */ = {
			isa = PBXGroup;
			children = (
				34EB21C926524E7400BFB451 /* Updated */,
				349FCF0625EFBCC800B05274 /* AppDelegate.swift */,
				349FCF0825EFBCC800B05274 /* SceneDelegate.swift */,
				349FCF0A25EFBCC800B05274 /* ContentView.swift */,
				34BC9A6D264D1EA400259BF6 /* WelcomeScreen.swift */,
				34281B3526148262004A218C /* Home */,
				34EB21E326524FA100BFB451 /* Statistics */,
				34EB21E826524FF200BFB451 /* Vaccination */,
				349FCF0C25EFBCCB00B05274 /* Assets.xcassets */,
				34AC0EA8261666D10079E73E /* Lottie */,
				34D135032635866200E88C24 /* HalfModal */,
				349FCF1125EFBCCB00B05274 /* LaunchScreen.storyboard */,
				349FCF1425EFBCCB00B05274 /* Info.plist */,
				341F180B264288FA0026324C /* VisualEffectBlur.swift */,
				349FCF0E25EFBCCB00B05274 /* Preview Content */,
				34CB1C1F2643E37400E2CC6C /* Tests */,
				348A79C2264EF7D700AF0C01 /* WebView.swift */,
			);
			path = CoronaVirus;
			sourceTree = "<group>";
		};
		349FCF0E25EFBCCB00B05274 /* Preview Content */ = {
			isa = PBXGroup;
			children = (
				349FCF0F25EFBCCB00B05274 /* Preview Assets.xcassets */,
			);
			path = "Preview Content";
			sourceTree = "<group>";
		};
		34AC0EA8261666D10079E73E /* Lottie */ = {
			isa = PBXGroup;
			children = (
				3482326D2635D43C00BBA7CE /* success.json */,
				348232672635C3E000BBA7CE /* intrebare1.json */,
				348232652635C3DD00BBA7CE /* intrebare2.json */,
				348232662635C3DF00BBA7CE /* intrebare3.json */,
				348232682635C3E200BBA7CE /* intrebare4.json */,
				34CF0C23263439B8001FE56B /* autoizolare_Preventie.json */,
				34CF0C1D263437F2001FE56B /* contactDirect_Preventie.json */,
				34CF0C1A263437E0001FE56B /* dezinfectant_Preventie.json */,
				34CF0C19263437DB001FE56B /* handWash_Preventie.json */,
				34CF0C1C263437EB001FE56B /* mask_Preventie.json */,
				34CF0C27263440C1001FE56B /* ajutor_Simptome.json */,
				34CF0C26263440BA001FE56B /* atentie_Simptome.json */,
				34CF0C28263440C8001FE56B /* febra_Simptome.json */,
				34CF0C25263440B5001FE56B /* tuse_Simptome.json */,
				348232632635B9A200BBA7CE /* introducere_TE.json */,
				34AC0EB2261667F90079E73E /* GifView.swift */,
				342CD59C2635EF8A00CEB940 /* GifView_RepeatOnce.swift */,
			);
			path = Lottie;
			sourceTree = "<group>";
		};
		34C459B526401CAE004ADE27 /* News */ = {
			isa = PBXGroup;
			children = (
				34EB21D526524F2600BFB451 /* News.swift */,
				34EB21D626524F3300BFB451 /* NewsExtended1.swift */,
				34EB21D326524F0900BFB451 /* NewsExtended2.swift */,
				34EB21D426524F1900BFB451 /* URLImage.swift */,
			);
			path = News;
			sourceTree = "<group>";
		};
		34CB1C1F2643E37400E2CC6C /* Tests */ = {
			isa = PBXGroup;
			children = (
				341F18082642888C0026324C /* Test.swift */,
				3414473B2641BFFD00F34A32 /* Various.playground */,
			);
			name = Tests;
			path = "New Group";
			sourceTree = "<group>";
		};
		34D135032635866200E88C24 /* HalfModal */ = {
			isa = PBXGroup;
			children = (
				34D13508263586C200E88C24 /* HalfModalContent.swift */,
				34D13507263586C100E88C24 /* HalfModalView.swift */,
				34D13506263586C000E88C24 /* ModalButtonView.swift */,
				34D13504263586B700E88C24 /* BlurView.swift */,
			);
			path = HalfModal;
			sourceTree = "<group>";
		};
		34EB21C926524E7400BFB451 /* Updated */ = {
			isa = PBXGroup;
			children = (
				34EB21CC26524EA100BFB451 /* Home2.0.swift */,
				34EB21CB26524E9400BFB451 /* Vaccinare2.0.swift */,
			);
			path = Updated;
			sourceTree = "<group>";
		};
		34EB21E326524FA100BFB451 /* Statistics */ = {
			isa = PBXGroup;
			children = (
				34EB21E426524FCF00BFB451 /* StatisticsCards.swift */,
				34EB21E526524FDD00BFB451 /* StatisticsView.swift */,
			);
			path = Statistics;
			sourceTree = "<group>";
		};
		34EB21E826524FF200BFB451 /* Vaccination */ = {
			isa = PBXGroup;
			children = (
				34EB21EA2652503100BFB451 /* VaccinationView.swift */,
				34EB21E92652501F00BFB451 /* VaccineQuestions.swift */,
			);
			path = Vaccination;
			sourceTree = "<group>";
		};
		5ED4950575F3CB93A872EE0A /* Pods */ = {
			isa = PBXGroup;
			children = (
				3490A8C92620A86D000CC5FF /* Pods.xcodeproj */,
				F1A2EAC2229E15D3435922FE /* Pods-CoronaVirus.debug.xcconfig */,
				EC41163828BC5385C2EA0DF2 /* Pods-CoronaVirus.release.xcconfig */,
			);
			path = Pods;
			sourceTree = "<group>";
		};
/* End PBXGroup section */

/* Begin PBXNativeTarget section */
		349FCF0225EFBCC800B05274 /* CoronaVirus */ = {
			isa = PBXNativeTarget;
			buildConfigurationList = 349FCF1725EFBCCB00B05274 /* Build configuration list for PBXNativeTarget "CoronaVirus" */;
			buildPhases = (
				FB8F86B6AECC53904E435072 /* [CP] Check Pods Manifest.lock */,
				349FCEFF25EFBCC800B05274 /* Sources */,
				349FCF0025EFBCC800B05274 /* Frameworks */,
				349FCF0125EFBCC800B05274 /* Resources */,
				341232082620C95D003F4371 /* Embed Frameworks */,
			);
			buildRules = (
			);
			dependencies = (
			);
			name = CoronaVirus;
			packageProductDependencies = (
				34AC0EAB261667B80079E73E /* Lottie */,
				34ED19C0261762370072BD01 /* SwiftUITrackableScrollView */,
				34D1350D26358F2300E88C24 /* PartialSheet */,
				344110A9263D833F0032BC05 /* SwiftSoup */,
				34A75029263E980D008ECA53 /* SQLite */,
				34BC9A74264DA3A800259BF6 /* SwiftUICharts */,
			);
			productName = CoronaVirus;
			productReference = 349FCF0325EFBCC800B05274 /* CoronaVirus.app */;
			productType = "com.apple.product-type.application";
		};
/* End PBXNativeTarget section */

/* Begin PBXProject section */
		349FCEFB25EFBCC700B05274 /* Project object */ = {
			isa = PBXProject;
			attributes = {
				LastSwiftUpdateCheck = 1240;
				LastUpgradeCheck = 1240;
				TargetAttributes = {
					349FCF0225EFBCC800B05274 = {
						CreatedOnToolsVersion = 12.4;
					};
				};
			};
			buildConfigurationList = 349FCEFE25EFBCC700B05274 /* Build configuration list for PBXProject "CoronaVirus" */;
			compatibilityVersion = "Xcode 9.3";
			developmentRegion = en;
			hasScannedForEncodings = 0;
			knownRegions = (
				en,
				Base,
			);
			mainGroup = 349FCEFA25EFBCC700B05274;
			packageReferences = (
				34AC0EAA261667B80079E73E /* XCRemoteSwiftPackageReference "lottie-ios" */,
				34ED19BF261762370072BD01 /* XCRemoteSwiftPackageReference "trackable-scroll-view" */,
				34D1350C26358F2200E88C24 /* XCRemoteSwiftPackageReference "PartialSheet" */,
				344110A8263D833E0032BC05 /* XCRemoteSwiftPackageReference "SwiftSoup" */,
				34A75028263E980D008ECA53 /* XCRemoteSwiftPackageReference "SQLite" */,
				34BC9A73264DA3A800259BF6 /* XCRemoteSwiftPackageReference "ChartView" */,
			);
			productRefGroup = 349FCF0425EFBCC800B05274 /* Products */;
			projectDirPath = "";
			projectReferences = (
				{
					ProductGroup = 3490A8CA2620A86D000CC5FF /* Products */;
					ProjectRef = 3490A8C92620A86D000CC5FF /* Pods.xcodeproj */;
				},
			);
			projectRoot = "";
			targets = (
				349FCF0225EFBCC800B05274 /* CoronaVirus */,
			);
		};
/* End PBXProject section */

/* Begin PBXReferenceProxy section */
		3490A8CE2620A86D000CC5FF /* Pods_CoronaVirus.framework */ = {
			isa = PBXReferenceProxy;
			fileType = wrapper.framework;
			path = Pods_CoronaVirus.framework;
			remoteRef = 3490A8CD2620A86D000CC5FF /* PBXContainerItemProxy */;
			sourceTree = BUILT_PRODUCTS_DIR;
		};
/* End PBXReferenceProxy section */

/* Begin PBXResourcesBuildPhase section */
		349FCF0125EFBCC800B05274 /* Resources */ = {
			isa = PBXResourcesBuildPhase;
			buildActionMask = 2147483647;
			files = (
				34CF0C2B263440C8001FE56B /* ajutor_Simptome.json in Resources */,
				34CF0C24263439B9001FE56B /* autoizolare_Preventie.json in Resources */,
				34CF0C2C263440C8001FE56B /* febra_Simptome.json in Resources */,
				34B257D02620EB2C00EC2680 /* declaratie4.pdf in Resources */,
				349FCF1325EFBCCB00B05274 /* LaunchScreen.storyboard in Resources */,
				3482326E2635D43C00BBA7CE /* success.json in Resources */,
				348232692635C3E200BBA7CE /* intrebare2.json in Resources */,
				3482326A2635C3E200BBA7CE /* intrebare3.json in Resources */,
				349FCF1025EFBCCB00B05274 /* Preview Assets.xcassets in Resources */,
				34CF0C2A263440C8001FE56B /* atentie_Simptome.json in Resources */,
				343D5B5326164B35004BDDF5 /* Pods in Resources */,
				3482326B2635C3E200BBA7CE /* intrebare1.json in Resources */,
				34B257CE2620EB2C00EC2680 /* declaratie2.pdf in Resources */,
				34CF0C1F263437F2001FE56B /* dezinfectant_Preventie.json in Resources */,
				34B257CD2620EB2C00EC2680 /* declaratie5.pdf in Resources */,
				34B257C62620E75700EC2680 /* declaratie1.pdf in Resources */,
				349FCF0D25EFBCCB00B05274 /* Assets.xcassets in Resources */,
				34CF0C29263440C8001FE56B /* tuse_Simptome.json in Resources */,
				348232642635B9A300BBA7CE /* introducere_TE.json in Resources */,
				34CF0C21263437F2001FE56B /* mask_Preventie.json in Resources */,
				34CF0C1E263437F2001FE56B /* handWash_Preventie.json in Resources */,
				3482326C2635C3E200BBA7CE /* intrebare4.json in Resources */,
				34CF0C22263437F2001FE56B /* contactDirect_Preventie.json in Resources */,
				34B257CF2620EB2C00EC2680 /* declaratie3.pdf in Resources */,
			);
			runOnlyForDeploymentPostprocessing = 0;
		};
/* End PBXResourcesBuildPhase section */

/* Begin PBXShellScriptBuildPhase section */
		FB8F86B6AECC53904E435072 /* [CP] Check Pods Manifest.lock */ = {
			isa = PBXShellScriptBuildPhase;
			buildActionMask = 2147483647;
			files = (
			);
			inputFileListPaths = (
			);
			inputPaths = (
				"${PODS_PODFILE_DIR_PATH}/Podfile.lock",
				"${PODS_ROOT}/Manifest.lock",
			);
			name = "[CP] Check Pods Manifest.lock";
			outputFileListPaths = (
			);
			outputPaths = (
				"$(DERIVED_FILE_DIR)/Pods-CoronaVirus-checkManifestLockResult.txt",
			);
			runOnlyForDeploymentPostprocessing = 0;
			shellPath = /bin/sh;
			shellScript = "diff \"${PODS_PODFILE_DIR_PATH}/Podfile.lock\" \"${PODS_ROOT}/Manifest.lock\" > /dev/null\nif [ $? != 0 ] ; then\n    # print error to STDERR\n    echo \"error: The sandbox is not in sync with the Podfile.lock. Run 'pod install' or update your CocoaPods installation.\" >&2\n    exit 1\nfi\n# This output is used by Xcode 'outputs' to avoid re-running this script phase.\necho \"SUCCESS\" > \"${SCRIPT_OUTPUT_FILE_0}\"\n";
			showEnvVarsInLog = 0;
		};
/* End PBXShellScriptBuildPhase section */

/* Begin PBXSourcesBuildPhase section */
		349FCEFF25EFBCC800B05274 /* Sources */ = {
			isa = PBXSourcesBuildPhase;
			buildActionMask = 2147483647;
			files = (
				349FCF0725EFBCC800B05274 /* AppDelegate.swift in Sources */,
				34EB21E726524FDD00BFB451 /* StatisticsView.swift in Sources */,
				34D13509263586C200E88C24 /* ModalButtonView.swift in Sources */,
				34EB21D126524ED800BFB451 /* Home.swift in Sources */,
				34EB21E126524F8400BFB451 /* PreventieView.swift in Sources */,
				341F180C264288FA0026324C /* VisualEffectBlur.swift in Sources */,
				34D1350B263586C200E88C24 /* HalfModalContent.swift in Sources */,
				34EB21D826524F3300BFB451 /* URLImage.swift in Sources */,
				34EB21E626524FDD00BFB451 /* StatisticsCards.swift in Sources */,
				342CD59D2635EF8A00CEB940 /* GifView_RepeatOnce.swift in Sources */,
				34BC9A6E264D1EA400259BF6 /* WelcomeScreen.swift in Sources */,
				348A79C3264EF7D800AF0C01 /* WebView.swift in Sources */,
				34B257C82620E84000EC2680 /* PDFKitView.swift in Sources */,
				34EB21D226524ED800BFB451 /* Triaj.swift in Sources */,
				34EB21CD26524EA100BFB451 /* Vaccinare2.0.swift in Sources */,
				34EB21EB2652503100BFB451 /* VaccineQuestions.swift in Sources */,
				349FCF0925EFBCC800B05274 /* SceneDelegate.swift in Sources */,
				34EB21D926524F3300BFB451 /* News.swift in Sources */,
				34AC0EB3261667F90079E73E /* GifView.swift in Sources */,
				34EB21E226524F8400BFB451 /* SimptomeView.swift in Sources */,
				34EB21D726524F3300BFB451 /* NewsExtended2.swift in Sources */,
				348A722A261FAEB30091F7D4 /* DocumentsView.swift in Sources */,
				34EB21CE26524EA100BFB451 /* Home2.0.swift in Sources */,
				34D13505263586B700E88C24 /* BlurView.swift in Sources */,
				349FCF0B25EFBCC800B05274 /* ContentView.swift in Sources */,
				34EB21EC2652503100BFB451 /* VaccinationView.swift in Sources */,
				34EB21DF26524F8400BFB451 /* CardsView.swift in Sources */,
				34EB21DA26524F3300BFB451 /* NewsExtended1.swift in Sources */,
				34EB21E026524F8400BFB451 /* IntrebariFrecvente.swift in Sources */,
				341F18092642888C0026324C /* Test.swift in Sources */,
				34D1350A263586C200E88C24 /* HalfModalView.swift in Sources */,
			);
			runOnlyForDeploymentPostprocessing = 0;
		};
/* End PBXSourcesBuildPhase section */

/* Begin PBXVariantGroup section */
		349FCF1125EFBCCB00B05274 /* LaunchScreen.storyboard */ = {
			isa = PBXVariantGroup;
			children = (
				349FCF1225EFBCCB00B05274 /* Base */,
			);
			name = LaunchScreen.storyboard;
			sourceTree = "<group>";
		};
/* End PBXVariantGroup section */

/* Begin XCBuildConfiguration section */
		349FCF1525EFBCCB00B05274 /* Debug */ = {
			isa = XCBuildConfiguration;
			buildSettings = {
				ALWAYS_SEARCH_USER_PATHS = NO;
				CLANG_ANALYZER_NONNULL = YES;
				CLANG_ANALYZER_NUMBER_OBJECT_CONVERSION = YES_AGGRESSIVE;
				CLANG_CXX_LANGUAGE_STANDARD = "gnu++14";
				CLANG_CXX_LIBRARY = "libc++";
				CLANG_ENABLE_MODULES = YES;
				CLANG_ENABLE_OBJC_ARC = YES;
				CLANG_ENABLE_OBJC_WEAK = YES;
				CLANG_WARN_BLOCK_CAPTURE_AUTORELEASING = YES;
				CLANG_WARN_BOOL_CONVERSION = YES;
				CLANG_WARN_COMMA = YES;
				CLANG_WARN_CONSTANT_CONVERSION = YES;
				CLANG_WARN_DEPRECATED_OBJC_IMPLEMENTATIONS = YES;
				CLANG_WARN_DIRECT_OBJC_ISA_USAGE = YES_ERROR;
				CLANG_WARN_DOCUMENTATION_COMMENTS = YES;
				CLANG_WARN_EMPTY_BODY = YES;
				CLANG_WARN_ENUM_CONVERSION = YES;
				CLANG_WARN_INFINITE_RECURSION = YES;
				CLANG_WARN_INT_CONVERSION = YES;
				CLANG_WARN_NON_LITERAL_NULL_CONVERSION = YES;
				CLANG_WARN_OBJC_IMPLICIT_RETAIN_SELF = YES;
				CLANG_WARN_OBJC_LITERAL_CONVERSION = YES;
				CLANG_WARN_OBJC_ROOT_CLASS = YES_ERROR;
				CLANG_WARN_QUOTED_INCLUDE_IN_FRAMEWORK_HEADER = YES;
				CLANG_WARN_RANGE_LOOP_ANALYSIS = YES;
				CLANG_WARN_STRICT_PROTOTYPES = YES;
				CLANG_WARN_SUSPICIOUS_MOVE = YES;
				CLANG_WARN_UNGUARDED_AVAILABILITY = YES_AGGRESSIVE;
				CLANG_WARN_UNREACHABLE_CODE = YES;
				CLANG_WARN__DUPLICATE_METHOD_MATCH = YES;
				COPY_PHASE_STRIP = NO;
				DEBUG_INFORMATION_FORMAT = dwarf;
				ENABLE_STRICT_OBJC_MSGSEND = YES;
				ENABLE_TESTABILITY = YES;
				GCC_C_LANGUAGE_STANDARD = gnu11;
				GCC_DYNAMIC_NO_PIC = NO;
				GCC_NO_COMMON_BLOCKS = YES;
				GCC_OPTIMIZATION_LEVEL = 0;
				GCC_PREPROCESSOR_DEFINITIONS = (
					"DEBUG=1",
					"$(inherited)",
				);
				GCC_WARN_64_TO_32_BIT_CONVERSION = YES;
				GCC_WARN_ABOUT_RETURN_TYPE = YES_ERROR;
				GCC_WARN_UNDECLARED_SELECTOR = YES;
				GCC_WARN_UNINITIALIZED_AUTOS = YES_AGGRESSIVE;
				GCC_WARN_UNUSED_FUNCTION = YES;
				GCC_WARN_UNUSED_VARIABLE = YES;
				IPHONEOS_DEPLOYMENT_TARGET = 14.4;
				MTL_ENABLE_DEBUG_INFO = INCLUDE_SOURCE;
				MTL_FAST_MATH = YES;
				ONLY_ACTIVE_ARCH = YES;
				SDKROOT = iphoneos;
				SWIFT_ACTIVE_COMPILATION_CONDITIONS = DEBUG;
				SWIFT_OPTIMIZATION_LEVEL = "-Onone";
			};
			name = Debug;
		};
		349FCF1625EFBCCB00B05274 /* Release */ = {
			isa = XCBuildConfiguration;
			buildSettings = {
				ALWAYS_SEARCH_USER_PATHS = NO;
				CLANG_ANALYZER_NONNULL = YES;
				CLANG_ANALYZER_NUMBER_OBJECT_CONVERSION = YES_AGGRESSIVE;
				CLANG_CXX_LANGUAGE_STANDARD = "gnu++14";
				CLANG_CXX_LIBRARY = "libc++";
				CLANG_ENABLE_MODULES = YES;
				CLANG_ENABLE_OBJC_ARC = YES;
				CLANG_ENABLE_OBJC_WEAK = YES;
				CLANG_WARN_BLOCK_CAPTURE_AUTORELEASING = YES;
				CLANG_WARN_BOOL_CONVERSION = YES;
				CLANG_WARN_COMMA = YES;
				CLANG_WARN_CONSTANT_CONVERSION = YES;
				CLANG_WARN_DEPRECATED_OBJC_IMPLEMENTATIONS = YES;
				CLANG_WARN_DIRECT_OBJC_ISA_USAGE = YES_ERROR;
				CLANG_WARN_DOCUMENTATION_COMMENTS = YES;
				CLANG_WARN_EMPTY_BODY = YES;
				CLANG_WARN_ENUM_CONVERSION = YES;
				CLANG_WARN_INFINITE_RECURSION = YES;
				CLANG_WARN_INT_CONVERSION = YES;
				CLANG_WARN_NON_LITERAL_NULL_CONVERSION = YES;
				CLANG_WARN_OBJC_IMPLICIT_RETAIN_SELF = YES;
				CLANG_WARN_OBJC_LITERAL_CONVERSION = YES;
				CLANG_WARN_OBJC_ROOT_CLASS = YES_ERROR;
				CLANG_WARN_QUOTED_INCLUDE_IN_FRAMEWORK_HEADER = YES;
				CLANG_WARN_RANGE_LOOP_ANALYSIS = YES;
				CLANG_WARN_STRICT_PROTOTYPES = YES;
				CLANG_WARN_SUSPICIOUS_MOVE = YES;
				CLANG_WARN_UNGUARDED_AVAILABILITY = YES_AGGRESSIVE;
				CLANG_WARN_UNREACHABLE_CODE = YES;
				CLANG_WARN__DUPLICATE_METHOD_MATCH = YES;
				COPY_PHASE_STRIP = NO;
				DEBUG_INFORMATION_FORMAT = "dwarf-with-dsym";
				ENABLE_NS_ASSERTIONS = NO;
				ENABLE_STRICT_OBJC_MSGSEND = YES;
				GCC_C_LANGUAGE_STANDARD = gnu11;
				GCC_NO_COMMON_BLOCKS = YES;
				GCC_WARN_64_TO_32_BIT_CONVERSION = YES;
				GCC_WARN_ABOUT_RETURN_TYPE = YES_ERROR;
				GCC_WARN_UNDECLARED_SELECTOR = YES;
				GCC_WARN_UNINITIALIZED_AUTOS = YES_AGGRESSIVE;
				GCC_WARN_UNUSED_FUNCTION = YES;
				GCC_WARN_UNUSED_VARIABLE = YES;
				IPHONEOS_DEPLOYMENT_TARGET = 14.4;
				MTL_ENABLE_DEBUG_INFO = NO;
				MTL_FAST_MATH = YES;
				SDKROOT = iphoneos;
				SWIFT_COMPILATION_MODE = wholemodule;
				SWIFT_OPTIMIZATION_LEVEL = "-O";
				VALIDATE_PRODUCT = YES;
			};
			name = Release;
		};
		349FCF1825EFBCCB00B05274 /* Debug */ = {
			isa = XCBuildConfiguration;
			baseConfigurationReference = F1A2EAC2229E15D3435922FE /* Pods-CoronaVirus.debug.xcconfig */;
			buildSettings = {
				ASSETCATALOG_COMPILER_APPICON_NAME = AppIcon;
				ASSETCATALOG_COMPILER_GLOBAL_ACCENT_COLOR_NAME = AccentColor;
				CODE_SIGN_STYLE = Automatic;
				DEVELOPMENT_ASSET_PATHS = "\"CoronaVirus/Preview Content\"";
				DEVELOPMENT_TEAM = L2AR479Z2P;
				ENABLE_PREVIEWS = YES;
				FRAMEWORK_SEARCH_PATHS = (
					"$(inherited)",
					"$(PROJECT_DIR)/Lib/Tools",
					"$(PROJECT_DIR)/Lib/Framework-dynamic",
				);
				INFOPLIST_FILE = CoronaVirus/Info.plist;
				LD_RUNPATH_SEARCH_PATHS = (
					"$(inherited)",
					"@executable_path/Frameworks",
				);
				PRODUCT_BUNDLE_IDENTIFIER = "Milovan-Arsul.CoronaVirus";
				PRODUCT_NAME = "$(TARGET_NAME)";
				SWIFT_VERSION = 5.0;
				TARGETED_DEVICE_FAMILY = "1,2";
			};
			name = Debug;
		};
		349FCF1925EFBCCB00B05274 /* Release */ = {
			isa = XCBuildConfiguration;
			baseConfigurationReference = EC41163828BC5385C2EA0DF2 /* Pods-CoronaVirus.release.xcconfig */;
			buildSettings = {
				ASSETCATALOG_COMPILER_APPICON_NAME = AppIcon;
				ASSETCATALOG_COMPILER_GLOBAL_ACCENT_COLOR_NAME = AccentColor;
				CODE_SIGN_STYLE = Automatic;
				DEVELOPMENT_ASSET_PATHS = "\"CoronaVirus/Preview Content\"";
				DEVELOPMENT_TEAM = L2AR479Z2P;
				ENABLE_PREVIEWS = YES;
				FRAMEWORK_SEARCH_PATHS = (
					"$(inherited)",
					"$(PROJECT_DIR)/Lib/Tools",
					"$(PROJECT_DIR)/Lib/Framework-dynamic",
				);
				INFOPLIST_FILE = CoronaVirus/Info.plist;
				LD_RUNPATH_SEARCH_PATHS = (
					"$(inherited)",
					"@executable_path/Frameworks",
				);
				PRODUCT_BUNDLE_IDENTIFIER = "Milovan-Arsul.CoronaVirus";
				PRODUCT_NAME = "$(TARGET_NAME)";
				SWIFT_VERSION = 5.0;
				TARGETED_DEVICE_FAMILY = "1,2";
			};
			name = Release;
		};
/* End XCBuildConfiguration section */

/* Begin XCConfigurationList section */
		349FCEFE25EFBCC700B05274 /* Build configuration list for PBXProject "CoronaVirus" */ = {
			isa = XCConfigurationList;
			buildConfigurations = (
				349FCF1525EFBCCB00B05274 /* Debug */,
				349FCF1625EFBCCB00B05274 /* Release */,
			);
			defaultConfigurationIsVisible = 0;
			defaultConfigurationName = Release;
		};
		349FCF1725EFBCCB00B05274 /* Build configuration list for PBXNativeTarget "CoronaVirus" */ = {
			isa = XCConfigurationList;
			buildConfigurations = (
				349FCF1825EFBCCB00B05274 /* Debug */,
				349FCF1925EFBCCB00B05274 /* Release */,
			);
			defaultConfigurationIsVisible = 0;
			defaultConfigurationName = Release;
		};
/* End XCConfigurationList section */

/* Begin XCRemoteSwiftPackageReference section */
		344110A8263D833E0032BC05 /* XCRemoteSwiftPackageReference "SwiftSoup" */ = {
			isa = XCRemoteSwiftPackageReference;
			repositoryURL = "https://github.com/scinfu/SwiftSoup";
			requirement = {
				kind = upToNextMajorVersion;
				minimumVersion = 2.3.2;
			};
		};
		34A75028263E980D008ECA53 /* XCRemoteSwiftPackageReference "SQLite" */ = {
			isa = XCRemoteSwiftPackageReference;
			repositoryURL = "https://github.com/stephencelis/SQLite.swift";
			requirement = {
				kind = upToNextMajorVersion;
				minimumVersion = 0.12.2;
			};
		};
		34AC0EAA261667B80079E73E /* XCRemoteSwiftPackageReference "lottie-ios" */ = {
			isa = XCRemoteSwiftPackageReference;
			repositoryURL = "https://github.com/airbnb/lottie-ios.git";
			requirement = {
				kind = upToNextMajorVersion;
				minimumVersion = 3.2.1;
			};
		};
		34BC9A73264DA3A800259BF6 /* XCRemoteSwiftPackageReference "ChartView" */ = {
			isa = XCRemoteSwiftPackageReference;
			repositoryURL = "https://github.com/AppPear/ChartView";
			requirement = {
				kind = upToNextMajorVersion;
				minimumVersion = 1.5.5;
			};
		};
		34D1350C26358F2200E88C24 /* XCRemoteSwiftPackageReference "PartialSheet" */ = {
			isa = XCRemoteSwiftPackageReference;
			repositoryURL = "https://github.com/AndreaMiotto/PartialSheet.git";
			requirement = {
				kind = upToNextMajorVersion;
				minimumVersion = 2.1.11;
			};
		};
		34ED19BF261762370072BD01 /* XCRemoteSwiftPackageReference "trackable-scroll-view" */ = {
			isa = XCRemoteSwiftPackageReference;
			repositoryURL = "https://github.com/maxnatchanon/trackable-scroll-view";
			requirement = {
				branch = master;
				kind = branch;
			};
		};
/* End XCRemoteSwiftPackageReference section */

/* Begin XCSwiftPackageProductDependency section */
		344110A9263D833F0032BC05 /* SwiftSoup */ = {
			isa = XCSwiftPackageProductDependency;
			package = 344110A8263D833E0032BC05 /* XCRemoteSwiftPackageReference "SwiftSoup" */;
			productName = SwiftSoup;
		};
		34A75029263E980D008ECA53 /* SQLite */ = {
			isa = XCSwiftPackageProductDependency;
			package = 34A75028263E980D008ECA53 /* XCRemoteSwiftPackageReference "SQLite" */;
			productName = SQLite;
		};
		34AC0EAB261667B80079E73E /* Lottie */ = {
			isa = XCSwiftPackageProductDependency;
			package = 34AC0EAA261667B80079E73E /* XCRemoteSwiftPackageReference "lottie-ios" */;
			productName = Lottie;
		};
		34BC9A74264DA3A800259BF6 /* SwiftUICharts */ = {
			isa = XCSwiftPackageProductDependency;
			package = 34BC9A73264DA3A800259BF6 /* XCRemoteSwiftPackageReference "ChartView" */;
			productName = SwiftUICharts;
		};
		34D1350D26358F2300E88C24 /* PartialSheet */ = {
			isa = XCSwiftPackageProductDependency;
			package = 34D1350C26358F2200E88C24 /* XCRemoteSwiftPackageReference "PartialSheet" */;
			productName = PartialSheet;
		};
		34ED19C0261762370072BD01 /* SwiftUITrackableScrollView */ = {
			isa = XCSwiftPackageProductDependency;
			package = 34ED19BF261762370072BD01 /* XCRemoteSwiftPackageReference "trackable-scroll-view" */;
			productName = SwiftUITrackableScrollView;
		};
/* End XCSwiftPackageProductDependency section */
	};
	rootObject = 349FCEFB25EFBCC700B05274 /* Project object */;
}
