{
  "object": {
    "pins": [
      {
        "package": "Lottie",
        "repositoryURL": "https://github.com/airbnb/lottie-ios.git",
        "state": {
          "branch": null,
          "revision": "b3c60ba1716baab6faeeb217d8ce1da336f92718",
          "version": "3.2.1"
        }
      },
      {
        "package": "PartialSheet",
        "repositoryURL": "https://github.com/AndreaMiotto/PartialSheet.git",
        "state": {
          "branch": null,
          "revision": "936465232b6399e402e79d5b031622af9a5e9960",
          "version": "2.1.11"
        }
      },
      {
        "package": "SwiftUITrackableScrollView",
        "repositoryURL": "https://github.com/maxnatchanon/trackable-scroll-view",
        "state": {
          "branch": "master",
          "revision": "4b094575c2370c3341d0b377a27b46bda4f937f7",
          "version": null
        }
      }
    ]
  },
  "version": 1
}
